# This file is automatically @generated by Cargo.
# It is not intended for manual editing.
[[package]]
name = "backtrace"
version = "0.3.46"
source = "registry+https://github.com/rust-lang/crates.io-index"
checksum = "b1e692897359247cc6bb902933361652380af0f1b7651ae5c5013407f30e109e"
dependencies = [
 "backtrace-sys",
 "cfg-if",
 "libc",
 "rustc-demangle",
]

[[package]]
name = "backtrace-sys"
version = "0.1.36"
source = "registry+https://github.com/rust-lang/crates.io-index"
checksum = "78848718ee1255a2485d1309ad9cdecfc2e7d0362dd11c6829364c6b35ae1bc7"
dependencies = [
 "cc",
 "libc",
]

[[package]]
name = "bencher"
version = "0.1.5"
source = "registry+https://github.com/rust-lang/crates.io-index"
checksum = "7dfdb4953a096c551ce9ace855a604d702e6e62d77fac690575ae347571717f5"

[[package]]
name = "cc"
version = "1.0.52"
source = "registry+https://github.com/rust-lang/crates.io-index"
checksum = "c3d87b23d6a92cd03af510a5ade527033f6aa6fa92161e2d5863a907d4c5e31d"

[[package]]
name = "cfg-if"
version = "0.1.10"
source = "registry+https://github.com/rust-lang/crates.io-index"
checksum = "4785bdd1c96b2a846b2bd7cc02e86b6b3dbf14e7e53446c4f54c92a361040822"

[[package]]
name = "cpuprofiler"
version = "0.0.4"
source = "registry+https://github.com/rust-lang/crates.io-index"
checksum = "43f8479dbcfd2bbaa0c0c26779b913052b375981cdf533091f2127ea3d42e52b"
dependencies = [
 "error-chain",
 "lazy_static",
 "pkg-config",
]

[[package]]
name = "crappylinkedlists"
version = "0.1.0"
dependencies = [
 "bencher",
 "cpuprofiler",
]

[[package]]
name = "error-chain"
version = "0.12.2"
source = "registry+https://github.com/rust-lang/crates.io-index"
checksum = "d371106cc88ffdfb1eabd7111e432da544f16f3e2d7bf1dfe8bf575f1df045cd"
dependencies = [
 "backtrace",
 "version_check",
]

[[package]]
name = "lazy_static"
version = "1.4.0"
source = "registry+https://github.com/rust-lang/crates.io-index"
checksum = "e2abad23fbc42b3700f2f279844dc832adb2b2eb069b2df918f455c4e18cc646"

[[package]]
name = "libc"
version = "0.2.69"
source = "registry+https://github.com/rust-lang/crates.io-index"
checksum = "99e85c08494b21a9054e7fe1374a732aeadaff3980b6990b94bfd3a70f690005"

[[package]]
name = "pkg-config"
version = "0.3.17"
source = "registry+https://github.com/rust-lang/crates.io-index"
checksum = "05da548ad6865900e60eaba7f589cc0783590a92e940c26953ff81ddbab2d677"

[[package]]
name = "rustc-demangle"
version = "0.1.16"
source = "registry+https://github.com/rust-lang/crates.io-index"
checksum = "4c691c0e608126e00913e33f0ccf3727d5fc84573623b8d65b2df340b5201783"

[[package]]
name = "version_check"
version = "0.9.1"
source = "registry+https://github.com/rust-lang/crates.io-index"
checksum = "078775d0255232fb988e6fccf26ddc9d1ac274299aaedcedce21c6f72cc533ce"
